
Microsoft Visual Studio Solution File, Format Version 12.00
Project("{2150E333-8FDC-42A3-9474-1A3956D46DE8}") = "App", "App", "{5BDBD548-A4EA-4D84-87BF-B640A3F7871F}"
EndProject
Project("{FAE04EC0-301F-11D3-BF4B-00C04F79EFBC}") = "MessagePackNotFound.App", "App\MessagePackNotFound.App\MessagePackNotFound.App.csproj", "{06AA7438-7A91-4198-8D91-56FF1679D216}"
EndProject
Project("{2150E333-8FDC-42A3-9474-1A3956D46DE8}") = "Libs", "Libs", "{3355800F-32FF-4654-AA5A-6DC08DD0E406}"
EndProject
Project("{FAE04EC0-301F-11D3-BF4B-00C04F79EFBC}") = "MessagePackNotFound.CommonLib", "Libs\MessagePackNotFound.CommonLib\MessagePackNotFound.CommonLib.csproj", "{9418CD12-80CA-490E-BB33-C0DB9B67EA76}"
EndProject
Project("{FAE04EC0-301F-11D3-BF4B-00C04F79EFBC}") = "MessagePackNotFound.UserControlsLib", "Libs\MessagePackNotFound.UserControlsLib\MessagePackNotFound.UserControlsLib.csproj", "{159851A9-05C5-4A44-ABDE-38502BFE9814}"
EndProject
Global
	GlobalSection(SolutionConfigurationPlatforms) = preSolution
		Debug|Any CPU = Debug|Any CPU
		Release|Any CPU = Release|Any CPU
	EndGlobalSection
	GlobalSection(ProjectConfigurationPlatforms) = postSolution
		{06AA7438-7A91-4198-8D91-56FF1679D216}.Debug|Any CPU.ActiveCfg = Debug|Any CPU
		{06AA7438-7A91-4198-8D91-56FF1679D216}.Debug|Any CPU.Build.0 = Debug|Any CPU
		{06AA7438-7A91-4198-8D91-56FF1679D216}.Release|Any CPU.ActiveCfg = Release|Any CPU
		{06AA7438-7A91-4198-8D91-56FF1679D216}.Release|Any CPU.Build.0 = Release|Any CPU
		{9418CD12-80CA-490E-BB33-C0DB9B67EA76}.Debug|Any CPU.ActiveCfg = Debug|Any CPU
		{9418CD12-80CA-490E-BB33-C0DB9B67EA76}.Debug|Any CPU.Build.0 = Debug|Any CPU
		{9418CD12-80CA-490E-BB33-C0DB9B67EA76}.Release|Any CPU.ActiveCfg = Release|Any CPU
		{9418CD12-80CA-490E-BB33-C0DB9B67EA76}.Release|Any CPU.Build.0 = Release|Any CPU
		{159851A9-05C5-4A44-ABDE-38502BFE9814}.Debug|Any CPU.ActiveCfg = Debug|Any CPU
		{159851A9-05C5-4A44-ABDE-38502BFE9814}.Debug|Any CPU.Build.0 = Debug|Any CPU
		{159851A9-05C5-4A44-ABDE-38502BFE9814}.Release|Any CPU.ActiveCfg = Release|Any CPU
		{159851A9-05C5-4A44-ABDE-38502BFE9814}.Release|Any CPU.Build.0 = Release|Any CPU
	EndGlobalSection
	GlobalSection(NestedProjects) = preSolution
		{06AA7438-7A91-4198-8D91-56FF1679D216} = {5BDBD548-A4EA-4D84-87BF-B640A3F7871F}
		{9418CD12-80CA-490E-BB33-C0DB9B67EA76} = {3355800F-32FF-4654-AA5A-6DC08DD0E406}
		{159851A9-05C5-4A44-ABDE-38502BFE9814} = {3355800F-32FF-4654-AA5A-6DC08DD0E406}
	EndGlobalSection
EndGlobal
